<?xml version="1.0" encoding="utf-8"?>
<Project ToolsVersion="4.0" xmlns="http://schemas.microsoft.com/developer/msbuild/2003">
  <ItemGroup>
    <Filter Include="소스 파일">
      <UniqueIdentifier>{4FC737F1-C7A5-4376-A066-2A32D752A2FF}</UniqueIdentifier>
      <Extensions>cpp;c;cc;cxx;c++;cppm;ixx;def;odl;idl;hpj;bat;asm;asmx</Extensions>
    </Filter>
  </ItemGroup>
  <ItemGroup>
    <ClCompile Include="TcpServer.cpp">
      <Filter>소스 파일</Filter>
    </ClCompile>
    <ClCompile Include="Party.cpp">
      <Filter>소스 파일</Filter>
    </ClCompile>
    <ClCompile Include="PartyManager.cpp">
      <Filter>소스 파일</Filter>
    </ClCompile>
    <ClCompile Include="UserSession.cpp">
      <Filter>소스 파일</Filter>
    </ClCompile>
    <ClCompile Include="RedisClient.cpp">
      <Filter>소스 파일</Filter>
    </ClCompile>
    <ClCompile Include="MySQLManager.cpp">
      <Filter>소스 파일</Filter>
    </ClCompile>
    <ClCompile Include="MyMessage.pb.cc">
      <Filter>소스 파일</Filter>
    </ClCompile>
    <ClCompile Include="main.cpp">
      <Filter>소스 파일</Filter>
    </ClCompile>
  </ItemGroup>
  <ItemGroup>
    <ClInclude Include="TcpServer.h">
      <Filter>소스 파일</Filter>
    </ClInclude>
    <ClInclude Include="Message.h">
      <Filter>소스 파일</Filter>
    </ClInclude>
    <ClInclude Include="ThreadSafeQueue.hpp">
      <Filter>소스 파일</Filter>
    </ClInclude>
    <ClInclude Include="Common.h">
      <Filter>소스 파일</Filter>
    </ClInclude>
    <ClInclude Include="PacketConverter.hpp">
      <Filter>소스 파일</Filter>
    </ClInclude>
    <ClInclude Include="Party.h">
      <Filter>소스 파일</Filter>
    </ClInclude>
    <ClInclude Include="ThreadSafeVector.hpp">
      <Filter>소스 파일</Filter>
    </ClInclude>
    <ClInclude Include="PartyManager.h">
      <Filter>소스 파일</Filter>
    </ClInclude>
    <ClInclude Include="UserSession.h">
      <Filter>소스 파일</Filter>
    </ClInclude>
    <ClInclude Include="RedisClient.hpp">
      <Filter>소스 파일</Filter>
    </ClInclude>
    <ClInclude Include="MySQLManager.h">
      <Filter>소스 파일</Filter>
    </ClInclude>
    <ClInclude Include="UserEntity.hpp">
      <Filter>소스 파일</Filter>
    </ClInclude>
    <ClInclude Include="MyMessage.pb.h">
      <Filter>소스 파일</Filter>
    </ClInclude>
    <ClInclude Include="HSThreadPool.hpp">
      <Filter>소스 파일</Filter>
    </ClInclude>
  </ItemGroup>
  <ItemGroup>
    <None Include="MyMessage.proto">
      <Filter>소스 파일</Filter>
    </None>
  </ItemGroup>
</Project>